DEPENDENCIES
  build-essential
  golang (~> 1.7)
  hashicorp-vault
    path: .
    metadata: true
  poise (~> 2.6)
  poise-service (~> 1.1)
  rubyzip (~> 1.0)

GRAPH
  build-essential (8.1.1)
    mingw (>= 1.1)
    seven_zip (>= 0.0.0)
  golang (1.7.0)
  hashicorp-vault (2.5.0)
    build-essential (>= 0.0.0)
    golang (~> 1.7)
    poise (~> 2.6)
    poise-service (~> 1.1)
    rubyzip (~> 1.0)
  mingw (2.1.0)
    seven_zip (>= 0.0.0)
  poise (2.8.2)
  poise-service (1.5.2)
    poise (~> 2.0)
  rubyzip (1.3.1)
    poise (~> 2.2)
  seven_zip (3.0.0)
    windows (>= 0.0.0)
  windows (5.0.0)
